{
  "nodes": {
    "envfs": {
      "inputs": {
        "flake-parts": "flake-parts",
        "nixpkgs": [
          "nixpkgs-stable"
        ],
        "treefmt-nix": "treefmt-nix"
      },
      "locked": {
        "lastModified": 1711262477,
        "narHash": "sha256-fK1OsvjJwQlTeGJHcngxM2iWICCJ/vnG1qJq6U3H7UQ=",
        "owner": "Mic92",
        "repo": "envfs",
        "rev": "4aa4816dd9b5c38db4005ca18a42d8070242eec5",
        "type": "github"
      },
      "original": {
        "owner": "Mic92",
        "repo": "envfs",
        "type": "github"
      }
    },
    "flake-parts": {
      "inputs": {
        "nixpkgs-lib": [
          "envfs",
          "nixpkgs"
        ]
      },
      "locked": {
        "lastModified": 1709336216,
        "narHash": "sha256-Dt/wOWeW6Sqm11Yh+2+t0dfEWxoMxGBvv3JpIocFl9E=",
        "owner": "hercules-ci",
        "repo": "flake-parts",
        "rev": "f7b3c975cf067e56e7cda6cb098ebe3fb4d74ca2",
        "type": "github"
      },
      "original": {
        "owner": "hercules-ci",
        "repo": "flake-parts",
        "type": "github"
      }
    },
    "flake-utils": {
      "inputs": {
        "systems": "systems"
      },
      "locked": {
        "lastModified": 1710146030,
        "narHash": "sha256-SZ5L6eA7HJ/nmkzGG7/ISclqe6oZdOZTNoesiInkXPQ=",
        "owner": "numtide",
        "repo": "flake-utils",
        "rev": "b1d9ab70662946ef0850d488da1c9019f3a9752a",
        "type": "github"
      },
      "original": {
        "owner": "numtide",
        "repo": "flake-utils",
        "type": "github"
      }
    },
    "home-manager-stable": {
      "inputs": {
        "nixpkgs": [
          "nixpkgs-stable"
        ]
      },
      "locked": {
        "lastModified": 1716736833,
        "narHash": "sha256-rNObca6dm7Qs524O4st8VJH6pZ/Xe1gxl+Rx6mcWYo0=",
        "owner": "nix-community",
        "repo": "home-manager",
        "rev": "a631666f5ec18271e86a5cde998cba68c33d9ac6",
        "type": "github"
      },
      "original": {
        "owner": "nix-community",
        "ref": "release-24.05",
        "repo": "home-manager",
        "type": "github"
      }
    },
    "mprocs": {
      "flake": false,
      "locked": {
        "lastModified": 1718941312,
        "narHash": "sha256-FBDNXKN8Rs1Oqya6taAM600IY8PXNZ51eedWIkbTUB0=",
        "owner": "pvolok",
        "repo": "mprocs",
        "rev": "eabc95fd215d8de0439d3f5bd805b57c69a2c2d8",
        "type": "github"
      },
      "original": {
        "owner": "pvolok",
        "repo": "mprocs",
        "rev": "eabc95fd215d8de0439d3f5bd805b57c69a2c2d8",
        "type": "github"
      }
    },
    "nix-ld": {
      "inputs": {
        "nixpkgs": [
          "nixpkgs-stable"
        ]
      },
      "locked": {
        "lastModified": 1701153607,
        "narHash": "sha256-h+odOVyiGmEERMECoFOj5P7FPiMR8IPRzroFA4sKivg=",
        "owner": "Mic92",
        "repo": "nix-ld",
        "rev": "bf5aa84a713c31d95b4307e442e966d6c7fd7ae7",
        "type": "github"
      },
      "original": {
        "owner": "Mic92",
        "repo": "nix-ld",
        "type": "github"
      }
    },
    "nixlib": {
      "locked": {
        "lastModified": 1711846064,
        "narHash": "sha256-cqfX0QJNEnge3a77VnytM0Q6QZZ0DziFXt6tSCV8ZSc=",
        "owner": "nix-community",
        "repo": "nixpkgs.lib",
        "rev": "90b1a963ff84dc532db92f678296ff2499a60a87",
        "type": "github"
      },
      "original": {
        "owner": "nix-community",
        "repo": "nixpkgs.lib",
        "type": "github"
      }
    },
    "nixos-hardware": {
      "locked": {
        "lastModified": 1711352745,
        "narHash": "sha256-luvqik+i3HTvCbXQZgB6uggvEcxI9uae0nmrgtXJ17U=",
        "owner": "NixOS",
        "repo": "nixos-hardware",
        "rev": "9a763a7acc4cfbb8603bb0231fec3eda864f81c0",
        "type": "github"
      },
      "original": {
        "owner": "NixOS",
        "ref": "master",
        "repo": "nixos-hardware",
        "type": "github"
      }
    },
    "nixpkgs-stable": {
      "locked": {
        "lastModified": 1717281328,
        "narHash": "sha256-evZPzpf59oNcDUXxh2GHcxHkTEG4fjae2ytWP85jXRo=",
        "owner": "nixos",
        "repo": "nixpkgs",
        "rev": "b3b2b28c1daa04fe2ae47c21bb76fd226eac4ca1",
        "type": "github"
      },
      "original": {
        "owner": "nixos",
        "ref": "nixos-24.05",
        "repo": "nixpkgs",
        "type": "github"
      }
    },
    "nixpkgs-unstable": {
      "locked": {
        "lastModified": 1717196966,
        "narHash": "sha256-yZKhxVIKd2lsbOqYd5iDoUIwsRZFqE87smE2Vzf6Ck0=",
        "owner": "nixos",
        "repo": "nixpkgs",
        "rev": "57610d2f8f0937f39dbd72251e9614b1561942d8",
        "type": "github"
      },
      "original": {
        "owner": "nixos",
        "ref": "nixos-unstable",
        "repo": "nixpkgs",
        "type": "github"
      }
    },
    "pulse": {
      "inputs": {
        "flake-utils": "flake-utils",
        "mprocs": "mprocs",
        "nixpkgs": [
          "nixpkgs-stable"
        ]
      },
      "locked": {
        "lastModified": 1719104169,
        "narHash": "sha256-NCjE5XLlcPiNwmrWFly8j+M9GXR4mKA6fLQH03G6dVg=",
        "path": "/home/corin/src/github.com/creativecreature/pulse",
        "type": "path"
      },
      "original": {
        "path": "/home/corin/src/github.com/creativecreature/pulse",
        "type": "path"
      }
    },
    "root": {
      "inputs": {
        "envfs": "envfs",
        "home-manager-stable": "home-manager-stable",
        "nix-ld": "nix-ld",
        "nixlib": "nixlib",
        "nixos-hardware": "nixos-hardware",
        "nixpkgs-stable": "nixpkgs-stable",
        "nixpkgs-unstable": "nixpkgs-unstable",
        "pulse": "pulse"
      }
    },
    "systems": {
      "locked": {
        "lastModified": 1681028828,
        "narHash": "sha256-Vy1rq5AaRuLzOxct8nz4T6wlgyUR7zLU309k9mBC768=",
        "owner": "nix-systems",
        "repo": "default",
        "rev": "da67096a3b9bf56a91d16901293e51ba5b49a27e",
        "type": "github"
      },
      "original": {
        "owner": "nix-systems",
        "repo": "default",
        "type": "github"
      }
    },
    "treefmt-nix": {
      "inputs": {
        "nixpkgs": [
          "envfs",
          "nixpkgs"
        ]
      },
      "locked": {
        "lastModified": 1710781103,
        "narHash": "sha256-nehQK/XTFxfa6rYKtbi8M1w+IU1v5twYhiyA4dg1vpg=",
        "owner": "numtide",
        "repo": "treefmt-nix",
        "rev": "7ee5aaac63c30d3c97a8c56efe89f3b2aa9ae564",
        "type": "github"
      },
      "original": {
        "owner": "numtide",
        "repo": "treefmt-nix",
        "type": "github"
      }
    }
  },
  "root": "root",
  "version": 7
}
